// !$*UTF8*$!
{
	archiveVersion = 1;
	classes = {
	};
	objectVersion = 55;
	objects = {

/* Begin PBXBuildFile section */
		1E14FF7428815DBD00A4B468 /* UnsplashInfoModel.swift in Sources */ = {isa = PBXBuildFile; fileRef = 1E14FF7328815DBD00A4B468 /* UnsplashInfoModel.swift */; };
		1E14FF7828819FDE00A4B468 /* NetworkManagerProtocol.swift in Sources */ = {isa = PBXBuildFile; fileRef = 1E14FF7728819FDE00A4B468 /* NetworkManagerProtocol.swift */; };
		1E14FF7A2881A2BD00A4B468 /* NetworkManager.swift in Sources */ = {isa = PBXBuildFile; fileRef = 1E14FF792881A2BD00A4B468 /* NetworkManager.swift */; };
		1E14FF7E2881B73800A4B468 /* Extensions+Combine.swift in Sources */ = {isa = PBXBuildFile; fileRef = 1E14FF7D2881B73800A4B468 /* Extensions+Combine.swift */; };
		1E715AFE2880ABAA00DAABC3 /* ImageModel.swift in Sources */ = {isa = PBXBuildFile; fileRef = 1E715AFD2880ABAA00DAABC3 /* ImageModel.swift */; };
		1E715B012880AF0200DAABC3 /* UnsplashAPI.swift in Sources */ = {isa = PBXBuildFile; fileRef = 1E715B002880AF0200DAABC3 /* UnsplashAPI.swift */; };
		1E715B032880B1A200DAABC3 /* ViewState.swift in Sources */ = {isa = PBXBuildFile; fileRef = 1E715B022880B1A200DAABC3 /* ViewState.swift */; };
		1EADE06E288047FF00D5DF0E /* MoyaSampleApp.swift in Sources */ = {isa = PBXBuildFile; fileRef = 1EADE06D288047FF00D5DF0E /* MoyaSampleApp.swift */; };
		1EADE070288047FF00D5DF0E /* ContentView.swift in Sources */ = {isa = PBXBuildFile; fileRef = 1EADE06F288047FF00D5DF0E /* ContentView.swift */; };
		1EADE0722880480100D5DF0E /* Assets.xcassets in Resources */ = {isa = PBXBuildFile; fileRef = 1EADE0712880480100D5DF0E /* Assets.xcassets */; };
		1EADE0752880480100D5DF0E /* Preview Assets.xcassets in Resources */ = {isa = PBXBuildFile; fileRef = 1EADE0742880480100D5DF0E /* Preview Assets.xcassets */; };
		1EADE07F2880480200D5DF0E /* MoyaSampleTests.swift in Sources */ = {isa = PBXBuildFile; fileRef = 1EADE07E2880480200D5DF0E /* MoyaSampleTests.swift */; };
		1EADE0892880480200D5DF0E /* MoyaSampleUITests.swift in Sources */ = {isa = PBXBuildFile; fileRef = 1EADE0882880480200D5DF0E /* MoyaSampleUITests.swift */; };
		1EADE08B2880480200D5DF0E /* MoyaSampleUITestsLaunchTests.swift in Sources */ = {isa = PBXBuildFile; fileRef = 1EADE08A2880480200D5DF0E /* MoyaSampleUITestsLaunchTests.swift */; };
		97B94B32DC848D2227822DA8 /* libPods-MoyaSample.a in Frameworks */ = {isa = PBXBuildFile; fileRef = E0D3742667FD5AF57AF52F5B /* libPods-MoyaSample.a */; };
/* End PBXBuildFile section */

/* Begin PBXContainerItemProxy section */
		1EADE07B2880480200D5DF0E /* PBXContainerItemProxy */ = {
			isa = PBXContainerItemProxy;
			containerPortal = 1EADE062288047FF00D5DF0E /* Project object */;
			proxyType = 1;
			remoteGlobalIDString = 1EADE069288047FF00D5DF0E;
			remoteInfo = MoyaSample;
		};
		1EADE0852880480200D5DF0E /* PBXContainerItemProxy */ = {
			isa = PBXContainerItemProxy;
			containerPortal = 1EADE062288047FF00D5DF0E /* Project object */;
			proxyType = 1;
			remoteGlobalIDString = 1EADE069288047FF00D5DF0E;
			remoteInfo = MoyaSample;
		};
/* End PBXContainerItemProxy section */

/* Begin PBXFileReference section */
		1E14FF7328815DBD00A4B468 /* UnsplashInfoModel.swift */ = {isa = PBXFileReference; lastKnownFileType = sourcecode.swift; path = UnsplashInfoModel.swift; sourceTree = "<group>"; };
		1E14FF7728819FDE00A4B468 /* NetworkManagerProtocol.swift */ = {isa = PBXFileReference; lastKnownFileType = sourcecode.swift; path = NetworkManagerProtocol.swift; sourceTree = "<group>"; };
		1E14FF792881A2BD00A4B468 /* NetworkManager.swift */ = {isa = PBXFileReference; lastKnownFileType = sourcecode.swift; path = NetworkManager.swift; sourceTree = "<group>"; };
		1E14FF7D2881B73800A4B468 /* Extensions+Combine.swift */ = {isa = PBXFileReference; lastKnownFileType = sourcecode.swift; path = "Extensions+Combine.swift"; sourceTree = "<group>"; };
		1E715AFD2880ABAA00DAABC3 /* ImageModel.swift */ = {isa = PBXFileReference; lastKnownFileType = sourcecode.swift; path = ImageModel.swift; sourceTree = "<group>"; };
		1E715B002880AF0200DAABC3 /* UnsplashAPI.swift */ = {isa = PBXFileReference; lastKnownFileType = sourcecode.swift; path = UnsplashAPI.swift; sourceTree = "<group>"; };
		1E715B022880B1A200DAABC3 /* ViewState.swift */ = {isa = PBXFileReference; lastKnownFileType = sourcecode.swift; path = ViewState.swift; sourceTree = "<group>"; };
		1EADE06A288047FF00D5DF0E /* MoyaSample.app */ = {isa = PBXFileReference; explicitFileType = wrapper.application; includeInIndex = 0; path = MoyaSample.app; sourceTree = BUILT_PRODUCTS_DIR; };
		1EADE06D288047FF00D5DF0E /* MoyaSampleApp.swift */ = {isa = PBXFileReference; lastKnownFileType = sourcecode.swift; path = MoyaSampleApp.swift; sourceTree = "<group>"; };
		1EADE06F288047FF00D5DF0E /* ContentView.swift */ = {isa = PBXFileReference; lastKnownFileType = sourcecode.swift; path = ContentView.swift; sourceTree = "<group>"; };
		1EADE0712880480100D5DF0E /* Assets.xcassets */ = {isa = PBXFileReference; lastKnownFileType = folder.assetcatalog; path = Assets.xcassets; sourceTree = "<group>"; };
		1EADE0742880480100D5DF0E /* Preview Assets.xcassets */ = {isa = PBXFileReference; lastKnownFileType = folder.assetcatalog; path = "Preview Assets.xcassets"; sourceTree = "<group>"; };
		1EADE07A2880480200D5DF0E /* MoyaSampleTests.xctest */ = {isa = PBXFileReference; explicitFileType = wrapper.cfbundle; includeInIndex = 0; path = MoyaSampleTests.xctest; sourceTree = BUILT_PRODUCTS_DIR; };
		1EADE07E2880480200D5DF0E /* MoyaSampleTests.swift */ = {isa = PBXFileReference; lastKnownFileType = sourcecode.swift; path = MoyaSampleTests.swift; sourceTree = "<group>"; };
		1EADE0842880480200D5DF0E /* MoyaSampleUITests.xctest */ = {isa = PBXFileReference; explicitFileType = wrapper.cfbundle; includeInIndex = 0; path = MoyaSampleUITests.xctest; sourceTree = BUILT_PRODUCTS_DIR; };
		1EADE0882880480200D5DF0E /* MoyaSampleUITests.swift */ = {isa = PBXFileReference; lastKnownFileType = sourcecode.swift; path = MoyaSampleUITests.swift; sourceTree = "<group>"; };
		1EADE08A2880480200D5DF0E /* MoyaSampleUITestsLaunchTests.swift */ = {isa = PBXFileReference; lastKnownFileType = sourcecode.swift; path = MoyaSampleUITestsLaunchTests.swift; sourceTree = "<group>"; };
		9CB64BE72D076D0997AA664E /* Pods-MoyaSample.debug.xcconfig */ = {isa = PBXFileReference; includeInIndex = 1; lastKnownFileType = text.xcconfig; name = "Pods-MoyaSample.debug.xcconfig"; path = "Target Support Files/Pods-MoyaSample/Pods-MoyaSample.debug.xcconfig"; sourceTree = "<group>"; };
		AA5BB5E52B48521FDA42C5DF /* Pods-MoyaSample.release.xcconfig */ = {isa = PBXFileReference; includeInIndex = 1; lastKnownFileType = text.xcconfig; name = "Pods-MoyaSample.release.xcconfig"; path = "Target Support Files/Pods-MoyaSample/Pods-MoyaSample.release.xcconfig"; sourceTree = "<group>"; };
		E0D3742667FD5AF57AF52F5B /* libPods-MoyaSample.a */ = {isa = PBXFileReference; explicitFileType = archive.ar; includeInIndex = 0; path = "libPods-MoyaSample.a"; sourceTree = BUILT_PRODUCTS_DIR; };
/* End PBXFileReference section */

/* Begin PBXFrameworksBuildPhase section */
		1EADE067288047FF00D5DF0E /* Frameworks */ = {
			isa = PBXFrameworksBuildPhase;
			buildActionMask = 2147483647;
			files = (
				97B94B32DC848D2227822DA8 /* libPods-MoyaSample.a in Frameworks */,
			);
			runOnlyForDeploymentPostprocessing = 0;
		};
		1EADE0772880480200D5DF0E /* Frameworks */ = {
			isa = PBXFrameworksBuildPhase;
			buildActionMask = 2147483647;
			files = (
			);
			runOnlyForDeploymentPostprocessing = 0;
		};
		1EADE0812880480200D5DF0E /* Frameworks */ = {
			isa = PBXFrameworksBuildPhase;
			buildActionMask = 2147483647;
			files = (
			);
			runOnlyForDeploymentPostprocessing = 0;
		};
/* End PBXFrameworksBuildPhase section */

/* Begin PBXGroup section */
		1E715AFC2880AB9100DAABC3 /* Model */ = {
			isa = PBXGroup;
			children = (
				1E715B022880B1A200DAABC3 /* ViewState.swift */,
				1E715AFD2880ABAA00DAABC3 /* ImageModel.swift */,
				1E14FF7328815DBD00A4B468 /* UnsplashInfoModel.swift */,
			);
			path = Model;
			sourceTree = "<group>";
		};
		1E715AFF2880AE5200DAABC3 /* Network */ = {
			isa = PBXGroup;
			children = (
				1E715B002880AF0200DAABC3 /* UnsplashAPI.swift */,
				1E14FF7728819FDE00A4B468 /* NetworkManagerProtocol.swift */,
				1E14FF792881A2BD00A4B468 /* NetworkManager.swift */,
				1E14FF7D2881B73800A4B468 /* Extensions+Combine.swift */,
			);
			path = Network;
			sourceTree = "<group>";
		};
		1EADE061288047FF00D5DF0E = {
			isa = PBXGroup;
			children = (
				1EADE06C288047FF00D5DF0E /* MoyaSample */,
				1EADE07D2880480200D5DF0E /* MoyaSampleTests */,
				1EADE0872880480200D5DF0E /* MoyaSampleUITests */,
				1EADE06B288047FF00D5DF0E /* Products */,
				55A0F58023B741B11F3DA135 /* Pods */,
				FC56CDEBF0417E765BD3FA39 /* Frameworks */,
			);
			sourceTree = "<group>";
		};
		1EADE06B288047FF00D5DF0E /* Products */ = {
			isa = PBXGroup;
			children = (
				1EADE06A288047FF00D5DF0E /* MoyaSample.app */,
				1EADE07A2880480200D5DF0E /* MoyaSampleTests.xctest */,
				1EADE0842880480200D5DF0E /* MoyaSampleUITests.xctest */,
			);
			name = Products;
			sourceTree = "<group>";
		};
		1EADE06C288047FF00D5DF0E /* MoyaSample */ = {
			isa = PBXGroup;
			children = (
				1E715AFF2880AE5200DAABC3 /* Network */,
				1E715AFC2880AB9100DAABC3 /* Model */,
				1EADE0982880491200D5DF0E /* View */,
				1EADE06D288047FF00D5DF0E /* MoyaSampleApp.swift */,
				1EADE0712880480100D5DF0E /* Assets.xcassets */,
				1EADE0732880480100D5DF0E /* Preview Content */,
			);
			path = MoyaSample;
			sourceTree = "<group>";
		};
		1EADE0732880480100D5DF0E /* Preview Content */ = {
			isa = PBXGroup;
			children = (
				1EADE0742880480100D5DF0E /* Preview Assets.xcassets */,
			);
			path = "Preview Content";
			sourceTree = "<group>";
		};
		1EADE07D2880480200D5DF0E /* MoyaSampleTests */ = {
			isa = PBXGroup;
			children = (
				1EADE07E2880480200D5DF0E /* MoyaSampleTests.swift */,
			);
			path = MoyaSampleTests;
			sourceTree = "<group>";
		};
		1EADE0872880480200D5DF0E /* MoyaSampleUITests */ = {
			isa = PBXGroup;
			children = (
				1EADE0882880480200D5DF0E /* MoyaSampleUITests.swift */,
				1EADE08A2880480200D5DF0E /* MoyaSampleUITestsLaunchTests.swift */,
			);
			path = MoyaSampleUITests;
			sourceTree = "<group>";
		};
		1EADE0982880491200D5DF0E /* View */ = {
			isa = PBXGroup;
			children = (
				1EADE06F288047FF00D5DF0E /* ContentView.swift */,
			);
			path = View;
			sourceTree = "<group>";
		};
		55A0F58023B741B11F3DA135 /* Pods */ = {
			isa = PBXGroup;
			children = (
				9CB64BE72D076D0997AA664E /* Pods-MoyaSample.debug.xcconfig */,
				AA5BB5E52B48521FDA42C5DF /* Pods-MoyaSample.release.xcconfig */,
			);
			path = Pods;
			sourceTree = "<group>";
		};
		FC56CDEBF0417E765BD3FA39 /* Frameworks */ = {
			isa = PBXGroup;
			children = (
				E0D3742667FD5AF57AF52F5B /* libPods-MoyaSample.a */,
			);
			name = Frameworks;
			sourceTree = "<group>";
		};
/* End PBXGroup section */

/* Begin PBXNativeTarget section */
		1EADE069288047FF00D5DF0E /* MoyaSample */ = {
			isa = PBXNativeTarget;
			buildConfigurationList = 1EADE08E2880480200D5DF0E /* Build configuration list for PBXNativeTarget "MoyaSample" */;
			buildPhases = (
				7D853D954712850C8191E176 /* [CP] Check Pods Manifest.lock */,
				1EADE066288047FF00D5DF0E /* Sources */,
				1EADE067288047FF00D5DF0E /* Frameworks */,
				1EADE068288047FF00D5DF0E /* Resources */,
			);
			buildRules = (
			);
			dependencies = (
			);
			name = MoyaSample;
			productName = MoyaSample;
			productReference = 1EADE06A288047FF00D5DF0E /* MoyaSample.app */;
			productType = "com.apple.product-type.application";
		};
		1EADE0792880480200D5DF0E /* MoyaSampleTests */ = {
			isa = PBXNativeTarget;
			buildConfigurationList = 1EADE0912880480200D5DF0E /* Build configuration list for PBXNativeTarget "MoyaSampleTests" */;
			buildPhases = (
				1EADE0762880480200D5DF0E /* Sources */,
				1EADE0772880480200D5DF0E /* Frameworks */,
				1EADE0782880480200D5DF0E /* Resources */,
			);
			buildRules = (
			);
			dependencies = (
				1EADE07C2880480200D5DF0E /* PBXTargetDependency */,
			);
			name = MoyaSampleTests;
			productName = MoyaSampleTests;
			productReference = 1EADE07A2880480200D5DF0E /* MoyaSampleTests.xctest */;
			productType = "com.apple.product-type.bundle.unit-test";
		};
		1EADE0832880480200D5DF0E /* MoyaSampleUITests */ = {
			isa = PBXNativeTarget;
			buildConfigurationList = 1EADE0942880480200D5DF0E /* Build configuration list for PBXNativeTarget "MoyaSampleUITests" */;
			buildPhases = (
				1EADE0802880480200D5DF0E /* Sources */,
				1EADE0812880480200D5DF0E /* Frameworks */,
				1EADE0822880480200D5DF0E /* Resources */,
			);
			buildRules = (
			);
			dependencies = (
				1EADE0862880480200D5DF0E /* PBXTargetDependency */,
			);
			name = MoyaSampleUITests;
			productName = MoyaSampleUITests;
			productReference = 1EADE0842880480200D5DF0E /* MoyaSampleUITests.xctest */;
			productType = "com.apple.product-type.bundle.ui-testing";
		};
/* End PBXNativeTarget section */

/* Begin PBXProject section */
		1EADE062288047FF00D5DF0E /* Project object */ = {
			isa = PBXProject;
			attributes = {
				BuildIndependentTargetsInParallel = 1;
				LastSwiftUpdateCheck = 1340;
				LastUpgradeCheck = 1340;
				TargetAttributes = {
					1EADE069288047FF00D5DF0E = {
						CreatedOnToolsVersion = 13.4.1;
					};
					1EADE0792880480200D5DF0E = {
						CreatedOnToolsVersion = 13.4.1;
						TestTargetID = 1EADE069288047FF00D5DF0E;
					};
					1EADE0832880480200D5DF0E = {
						CreatedOnToolsVersion = 13.4.1;
						TestTargetID = 1EADE069288047FF00D5DF0E;
					};
				};
			};
			buildConfigurationList = 1EADE065288047FF00D5DF0E /* Build configuration list for PBXProject "MoyaSample" */;
			compatibilityVersion = "Xcode 13.0";
			developmentRegion = en;
			hasScannedForEncodings = 0;
			knownRegions = (
				en,
				Base,
			);
			mainGroup = 1EADE061288047FF00D5DF0E;
			productRefGroup = 1EADE06B288047FF00D5DF0E /* Products */;
			projectDirPath = "";
			projectRoot = "";
			targets = (
				1EADE069288047FF00D5DF0E /* MoyaSample */,
				1EADE0792880480200D5DF0E /* MoyaSampleTests */,
				1EADE0832880480200D5DF0E /* MoyaSampleUITests */,
			);
		};
/* End PBXProject section */

/* Begin PBXResourcesBuildPhase section */
		1EADE068288047FF00D5DF0E /* Resources */ = {
			isa = PBXResourcesBuildPhase;
			buildActionMask = 2147483647;
			files = (
				1EADE0752880480100D5DF0E /* Preview Assets.xcassets in Resources */,
				1EADE0722880480100D5DF0E /* Assets.xcassets in Resources */,
			);
			runOnlyForDeploymentPostprocessing = 0;
		};
		1EADE0782880480200D5DF0E /* Resources */ = {
			isa = PBXResourcesBuildPhase;
			buildActionMask = 2147483647;
			files = (
			);
			runOnlyForDeploymentPostprocessing = 0;
		};
		1EADE0822880480200D5DF0E /* Resources */ = {
			isa = PBXResourcesBuildPhase;
			buildActionMask = 2147483647;
			files = (
			);
			runOnlyForDeploymentPostprocessing = 0;
		};
/* End PBXResourcesBuildPhase section */

/* Begin PBXShellScriptBuildPhase section */
		7D853D954712850C8191E176 /* [CP] Check Pods Manifest.lock */ = {
			isa = PBXShellScriptBuildPhase;
			buildActionMask = 2147483647;
			files = (
			);
			inputFileListPaths = (
			);
			inputPaths = (
				"${PODS_PODFILE_DIR_PATH}/Podfile.lock",
				"${PODS_ROOT}/Manifest.lock",
			);
			name = "[CP] Check Pods Manifest.lock";
			outputFileListPaths = (
			);
			outputPaths = (
				"$(DERIVED_FILE_DIR)/Pods-MoyaSample-checkManifestLockResult.txt",
			);
			runOnlyForDeploymentPostprocessing = 0;
			shellPath = /bin/sh;
			shellScript = "diff \"${PODS_PODFILE_DIR_PATH}/Podfile.lock\" \"${PODS_ROOT}/Manifest.lock\" > /dev/null\nif [ $? != 0 ] ; then\n    # print error to STDERR\n    echo \"error: The sandbox is not in sync with the Podfile.lock. Run 'pod install' or update your CocoaPods installation.\" >&2\n    exit 1\nfi\n# This output is used by Xcode 'outputs' to avoid re-running this script phase.\necho \"SUCCESS\" > \"${SCRIPT_OUTPUT_FILE_0}\"\n";
			showEnvVarsInLog = 0;
		};
/* End PBXShellScriptBuildPhase section */

/* Begin PBXSourcesBuildPhase section */
		1EADE066288047FF00D5DF0E /* Sources */ = {
			isa = PBXSourcesBuildPhase;
			buildActionMask = 2147483647;
			files = (
				1E715B032880B1A200DAABC3 /* ViewState.swift in Sources */,
				1E715B012880AF0200DAABC3 /* UnsplashAPI.swift in Sources */,
				1EADE070288047FF00D5DF0E /* ContentView.swift in Sources */,
				1E14FF7E2881B73800A4B468 /* Extensions+Combine.swift in Sources */,
				1E14FF7828819FDE00A4B468 /* NetworkManagerProtocol.swift in Sources */,
				1E14FF7428815DBD00A4B468 /* UnsplashInfoModel.swift in Sources */,
				1E715AFE2880ABAA00DAABC3 /* ImageModel.swift in Sources */,
				1E14FF7A2881A2BD00A4B468 /* NetworkManager.swift in Sources */,
				1EADE06E288047FF00D5DF0E /* MoyaSampleApp.swift in Sources */,
			);
			runOnlyForDeploymentPostprocessing = 0;
		};
		1EADE0762880480200D5DF0E /* Sources */ = {
			isa = PBXSourcesBuildPhase;
			buildActionMask = 2147483647;
			files = (
				1EADE07F2880480200D5DF0E /* MoyaSampleTests.swift in Sources */,
			);
			runOnlyForDeploymentPostprocessing = 0;
		};
		1EADE0802880480200D5DF0E /* Sources */ = {
			isa = PBXSourcesBuildPhase;
			buildActionMask = 2147483647;
			files = (
				1EADE08B2880480200D5DF0E /* MoyaSampleUITestsLaunchTests.swift in Sources */,
				1EADE0892880480200D5DF0E /* MoyaSampleUITests.swift in Sources */,
			);
			runOnlyForDeploymentPostprocessing = 0;
		};
/* End PBXSourcesBuildPhase section */

/* Begin PBXTargetDependency section */
		1EADE07C2880480200D5DF0E /* PBXTargetDependency */ = {
			isa = PBXTargetDependency;
			target = 1EADE069288047FF00D5DF0E /* MoyaSample */;
			targetProxy = 1EADE07B2880480200D5DF0E /* PBXContainerItemProxy */;
		};
		1EADE0862880480200D5DF0E /* PBXTargetDependency */ = {
			isa = PBXTargetDependency;
			target = 1EADE069288047FF00D5DF0E /* MoyaSample */;
			targetProxy = 1EADE0852880480200D5DF0E /* PBXContainerItemProxy */;
		};
/* End PBXTargetDependency section */

/* Begin XCBuildConfiguration section */
		1EADE08C2880480200D5DF0E /* Debug */ = {
			isa = XCBuildConfiguration;
			buildSettings = {
				ALWAYS_SEARCH_USER_PATHS = NO;
				CLANG_ANALYZER_NONNULL = YES;
				CLANG_ANALYZER_NUMBER_OBJECT_CONVERSION = YES_AGGRESSIVE;
				CLANG_CXX_LANGUAGE_STANDARD = "gnu++17";
				CLANG_ENABLE_MODULES = YES;
				CLANG_ENABLE_OBJC_ARC = YES;
				CLANG_ENABLE_OBJC_WEAK = YES;
				CLANG_WARN_BLOCK_CAPTURE_AUTORELEASING = YES;
				CLANG_WARN_BOOL_CONVERSION = YES;
				CLANG_WARN_COMMA = YES;
				CLANG_WARN_CONSTANT_CONVERSION = YES;
				CLANG_WARN_DEPRECATED_OBJC_IMPLEMENTATIONS = YES;
				CLANG_WARN_DIRECT_OBJC_ISA_USAGE = YES_ERROR;
				CLANG_WARN_DOCUMENTATION_COMMENTS = YES;
				CLANG_WARN_EMPTY_BODY = YES;
				CLANG_WARN_ENUM_CONVERSION = YES;
				CLANG_WARN_INFINITE_RECURSION = YES;
				CLANG_WARN_INT_CONVERSION = YES;
				CLANG_WARN_NON_LITERAL_NULL_CONVERSION = YES;
				CLANG_WARN_OBJC_IMPLICIT_RETAIN_SELF = YES;
				CLANG_WARN_OBJC_LITERAL_CONVERSION = YES;
				CLANG_WARN_OBJC_ROOT_CLASS = YES_ERROR;
				CLANG_WARN_QUOTED_INCLUDE_IN_FRAMEWORK_HEADER = YES;
				CLANG_WARN_RANGE_LOOP_ANALYSIS = YES;
				CLANG_WARN_STRICT_PROTOTYPES = YES;
				CLANG_WARN_SUSPICIOUS_MOVE = YES;
				CLANG_WARN_UNGUARDED_AVAILABILITY = YES_AGGRESSIVE;
				CLANG_WARN_UNREACHABLE_CODE = YES;
				CLANG_WARN__DUPLICATE_METHOD_MATCH = YES;
				COPY_PHASE_STRIP = NO;
				DEBUG_INFORMATION_FORMAT = dwarf;
				ENABLE_STRICT_OBJC_MSGSEND = YES;
				ENABLE_TESTABILITY = YES;
				GCC_C_LANGUAGE_STANDARD = gnu11;
				GCC_DYNAMIC_NO_PIC = NO;
				GCC_NO_COMMON_BLOCKS = YES;
				GCC_OPTIMIZATION_LEVEL = 0;
				GCC_PREPROCESSOR_DEFINITIONS = (
					"DEBUG=1",
					"$(inherited)",
				);
				GCC_WARN_64_TO_32_BIT_CONVERSION = YES;
				GCC_WARN_ABOUT_RETURN_TYPE = YES_ERROR;
				GCC_WARN_UNDECLARED_SELECTOR = YES;
				GCC_WARN_UNINITIALIZED_AUTOS = YES_AGGRESSIVE;
				GCC_WARN_UNUSED_FUNCTION = YES;
				GCC_WARN_UNUSED_VARIABLE = YES;
				IPHONEOS_DEPLOYMENT_TARGET = 15.5;
				MTL_ENABLE_DEBUG_INFO = INCLUDE_SOURCE;
				MTL_FAST_MATH = YES;
				ONLY_ACTIVE_ARCH = YES;
				SDKROOT = iphoneos;
				SWIFT_ACTIVE_COMPILATION_CONDITIONS = DEBUG;
				SWIFT_OPTIMIZATION_LEVEL = "-Onone";
			};
			name = Debug;
		};
		1EADE08D2880480200D5DF0E /* Release */ = {
			isa = XCBuildConfiguration;
			buildSettings = {
				ALWAYS_SEARCH_USER_PATHS = NO;
				CLANG_ANALYZER_NONNULL = YES;
				CLANG_ANALYZER_NUMBER_OBJECT_CONVERSION = YES_AGGRESSIVE;
				CLANG_CXX_LANGUAGE_STANDARD = "gnu++17";
				CLANG_ENABLE_MODULES = YES;
				CLANG_ENABLE_OBJC_ARC = YES;
				CLANG_ENABLE_OBJC_WEAK = YES;
				CLANG_WARN_BLOCK_CAPTURE_AUTORELEASING = YES;
				CLANG_WARN_BOOL_CONVERSION = YES;
				CLANG_WARN_COMMA = YES;
				CLANG_WARN_CONSTANT_CONVERSION = YES;
				CLANG_WARN_DEPRECATED_OBJC_IMPLEMENTATIONS = YES;
				CLANG_WARN_DIRECT_OBJC_ISA_USAGE = YES_ERROR;
				CLANG_WARN_DOCUMENTATION_COMMENTS = YES;
				CLANG_WARN_EMPTY_BODY = YES;
				CLANG_WARN_ENUM_CONVERSION = YES;
				CLANG_WARN_INFINITE_RECURSION = YES;
				CLANG_WARN_INT_CONVERSION = YES;
				CLANG_WARN_NON_LITERAL_NULL_CONVERSION = YES;
				CLANG_WARN_OBJC_IMPLICIT_RETAIN_SELF = YES;
				CLANG_WARN_OBJC_LITERAL_CONVERSION = YES;
				CLANG_WARN_OBJC_ROOT_CLASS = YES_ERROR;
				CLANG_WARN_QUOTED_INCLUDE_IN_FRAMEWORK_HEADER = YES;
				CLANG_WARN_RANGE_LOOP_ANALYSIS = YES;
				CLANG_WARN_STRICT_PROTOTYPES = YES;
				CLANG_WARN_SUSPICIOUS_MOVE = YES;
				CLANG_WARN_UNGUARDED_AVAILABILITY = YES_AGGRESSIVE;
				CLANG_WARN_UNREACHABLE_CODE = YES;
				CLANG_WARN__DUPLICATE_METHOD_MATCH = YES;
				COPY_PHASE_STRIP = NO;
				DEBUG_INFORMATION_FORMAT = "dwarf-with-dsym";
				ENABLE_NS_ASSERTIONS = NO;
				ENABLE_STRICT_OBJC_MSGSEND = YES;
				GCC_C_LANGUAGE_STANDARD = gnu11;
				GCC_NO_COMMON_BLOCKS = YES;
				GCC_WARN_64_TO_32_BIT_CONVERSION = YES;
				GCC_WARN_ABOUT_RETURN_TYPE = YES_ERROR;
				GCC_WARN_UNDECLARED_SELECTOR = YES;
				GCC_WARN_UNINITIALIZED_AUTOS = YES_AGGRESSIVE;
				GCC_WARN_UNUSED_FUNCTION = YES;
				GCC_WARN_UNUSED_VARIABLE = YES;
				IPHONEOS_DEPLOYMENT_TARGET = 15.5;
				MTL_ENABLE_DEBUG_INFO = NO;
				MTL_FAST_MATH = YES;
				SDKROOT = iphoneos;
				SWIFT_COMPILATION_MODE = wholemodule;
				SWIFT_OPTIMIZATION_LEVEL = "-O";
				VALIDATE_PRODUCT = YES;
			};
			name = Release;
		};
		1EADE08F2880480200D5DF0E /* Debug */ = {
			isa = XCBuildConfiguration;
			baseConfigurationReference = 9CB64BE72D076D0997AA664E /* Pods-MoyaSample.debug.xcconfig */;
			buildSettings = {
				ASSETCATALOG_COMPILER_APPICON_NAME = AppIcon;
				ASSETCATALOG_COMPILER_GLOBAL_ACCENT_COLOR_NAME = AccentColor;
				CODE_SIGN_STYLE = Automatic;
				CURRENT_PROJECT_VERSION = 1;
				DEVELOPMENT_ASSET_PATHS = "\"MoyaSample/Preview Content\"";
				DEVELOPMENT_TEAM = 8TYVWGLLK2;
				ENABLE_PREVIEWS = YES;
				GENERATE_INFOPLIST_FILE = YES;
				INFOPLIST_KEY_UIApplicationSceneManifest_Generation = YES;
				INFOPLIST_KEY_UIApplicationSupportsIndirectInputEvents = YES;
				INFOPLIST_KEY_UILaunchScreen_Generation = YES;
				INFOPLIST_KEY_UISupportedInterfaceOrientations_iPad = "UIInterfaceOrientationPortrait UIInterfaceOrientationPortraitUpsideDown UIInterfaceOrientationLandscapeLeft UIInterfaceOrientationLandscapeRight";
				INFOPLIST_KEY_UISupportedInterfaceOrientations_iPhone = "UIInterfaceOrientationPortrait UIInterfaceOrientationLandscapeLeft UIInterfaceOrientationLandscapeRight";
				LD_RUNPATH_SEARCH_PATHS = (
					"$(inherited)",
					"@executable_path/Frameworks",
				);
				MARKETING_VERSION = 1.0;
				PRODUCT_BUNDLE_IDENTIFIER = example.MoyaSample;
				PRODUCT_NAME = "$(TARGET_NAME)";
				SWIFT_EMIT_LOC_STRINGS = YES;
				SWIFT_VERSION = 5.0;
				TARGETED_DEVICE_FAMILY = "1,2";
			};
			name = Debug;
		};
		1EADE0902880480200D5DF0E /* Release */ = {
			isa = XCBuildConfiguration;
			baseConfigurationReference = AA5BB5E52B48521FDA42C5DF /* Pods-MoyaSample.release.xcconfig */;
			buildSettings = {
				ASSETCATALOG_COMPILER_APPICON_NAME = AppIcon;
				ASSETCATALOG_COMPILER_GLOBAL_ACCENT_COLOR_NAME = AccentColor;
				CODE_SIGN_STYLE = Automatic;
				CURRENT_PROJECT_VERSION = 1;
				DEVELOPMENT_ASSET_PATHS = "\"MoyaSample/Preview Content\"";
				DEVELOPMENT_TEAM = 8TYVWGLLK2;
				ENABLE_PREVIEWS = YES;
				GENERATE_INFOPLIST_FILE = YES;
				INFOPLIST_KEY_UIApplicationSceneManifest_Generation = YES;
				INFOPLIST_KEY_UIApplicationSupportsIndirectInputEvents = YES;
				INFOPLIST_KEY_UILaunchScreen_Generation = YES;
				INFOPLIST_KEY_UISupportedInterfaceOrientations_iPad = "UIInterfaceOrientationPortrait UIInterfaceOrientationPortraitUpsideDown UIInterfaceOrientationLandscapeLeft UIInterfaceOrientationLandscapeRight";
				INFOPLIST_KEY_UISupportedInterfaceOrientations_iPhone = "UIInterfaceOrientationPortrait UIInterfaceOrientationLandscapeLeft UIInterfaceOrientationLandscapeRight";
				LD_RUNPATH_SEARCH_PATHS = (
					"$(inherited)",
					"@executable_path/Frameworks",
				);
				MARKETING_VERSION = 1.0;
				PRODUCT_BUNDLE_IDENTIFIER = example.MoyaSample;
				PRODUCT_NAME = "$(TARGET_NAME)";
				SWIFT_EMIT_LOC_STRINGS = YES;
				SWIFT_VERSION = 5.0;
				TARGETED_DEVICE_FAMILY = "1,2";
			};
			name = Release;
		};
		1EADE0922880480200D5DF0E /* Debug */ = {
			isa = XCBuildConfiguration;
			buildSettings = {
				ALWAYS_EMBED_SWIFT_STANDARD_LIBRARIES = YES;
				BUNDLE_LOADER = "$(TEST_HOST)";
				CODE_SIGN_STYLE = Automatic;
				CURRENT_PROJECT_VERSION = 1;
				DEVELOPMENT_TEAM = 8TYVWGLLK2;
				GENERATE_INFOPLIST_FILE = YES;
				IPHONEOS_DEPLOYMENT_TARGET = 15.5;
				MARKETING_VERSION = 1.0;
				PRODUCT_BUNDLE_IDENTIFIER = example.MoyaSampleTests;
				PRODUCT_NAME = "$(TARGET_NAME)";
				SWIFT_EMIT_LOC_STRINGS = NO;
				SWIFT_VERSION = 5.0;
				TARGETED_DEVICE_FAMILY = "1,2";
				TEST_HOST = "$(BUILT_PRODUCTS_DIR)/MoyaSample.app/MoyaSample";
			};
			name = Debug;
		};
		1EADE0932880480200D5DF0E /* Release */ = {
			isa = XCBuildConfiguration;
			buildSettings = {
				ALWAYS_EMBED_SWIFT_STANDARD_LIBRARIES = YES;
				BUNDLE_LOADER = "$(TEST_HOST)";
				CODE_SIGN_STYLE = Automatic;
				CURRENT_PROJECT_VERSION = 1;
				DEVELOPMENT_TEAM = 8TYVWGLLK2;
				GENERATE_INFOPLIST_FILE = YES;
				IPHONEOS_DEPLOYMENT_TARGET = 15.5;
				MARKETING_VERSION = 1.0;
				PRODUCT_BUNDLE_IDENTIFIER = example.MoyaSampleTests;
				PRODUCT_NAME = "$(TARGET_NAME)";
				SWIFT_EMIT_LOC_STRINGS = NO;
				SWIFT_VERSION = 5.0;
				TARGETED_DEVICE_FAMILY = "1,2";
				TEST_HOST = "$(BUILT_PRODUCTS_DIR)/MoyaSample.app/MoyaSample";
			};
			name = Release;
		};
		1EADE0952880480200D5DF0E /* Debug */ = {
			isa = XCBuildConfiguration;
			buildSettings = {
				ALWAYS_EMBED_SWIFT_STANDARD_LIBRARIES = YES;
				CODE_SIGN_STYLE = Automatic;
				CURRENT_PROJECT_VERSION = 1;
				DEVELOPMENT_TEAM = 8TYVWGLLK2;
				GENERATE_INFOPLIST_FILE = YES;
				MARKETING_VERSION = 1.0;
				PRODUCT_BUNDLE_IDENTIFIER = example.MoyaSampleUITests;
				PRODUCT_NAME = "$(TARGET_NAME)";
				SWIFT_EMIT_LOC_STRINGS = NO;
				SWIFT_VERSION = 5.0;
				TARGETED_DEVICE_FAMILY = "1,2";
				TEST_TARGET_NAME = MoyaSample;
			};
			name = Debug;
		};
		1EADE0962880480200D5DF0E /* Release */ = {
			isa = XCBuildConfiguration;
			buildSettings = {
				ALWAYS_EMBED_SWIFT_STANDARD_LIBRARIES = YES;
				CODE_SIGN_STYLE = Automatic;
				CURRENT_PROJECT_VERSION = 1;
				DEVELOPMENT_TEAM = 8TYVWGLLK2;
				GENERATE_INFOPLIST_FILE = YES;
				MARKETING_VERSION = 1.0;
				PRODUCT_BUNDLE_IDENTIFIER = example.MoyaSampleUITests;
				PRODUCT_NAME = "$(TARGET_NAME)";
				SWIFT_EMIT_LOC_STRINGS = NO;
				SWIFT_VERSION = 5.0;
				TARGETED_DEVICE_FAMILY = "1,2";
				TEST_TARGET_NAME = MoyaSample;
			};
			name = Release;
		};
/* End XCBuildConfiguration section */

/* Begin XCConfigurationList section */
		1EADE065288047FF00D5DF0E /* Build configuration list for PBXProject "MoyaSample" */ = {
			isa = XCConfigurationList;
			buildConfigurations = (
				1EADE08C2880480200D5DF0E /* Debug */,
				1EADE08D2880480200D5DF0E /* Release */,
			);
			defaultConfigurationIsVisible = 0;
			defaultConfigurationName = Release;
		};
		1EADE08E2880480200D5DF0E /* Build configuration list for PBXNativeTarget "MoyaSample" */ = {
			isa = XCConfigurationList;
			buildConfigurations = (
				1EADE08F2880480200D5DF0E /* Debug */,
				1EADE0902880480200D5DF0E /* Release */,
			);
			defaultConfigurationIsVisible = 0;
			defaultConfigurationName = Release;
		};
		1EADE0912880480200D5DF0E /* Build configuration list for PBXNativeTarget "MoyaSampleTests" */ = {
			isa = XCConfigurationList;
			buildConfigurations = (
				1EADE0922880480200D5DF0E /* Debug */,
				1EADE0932880480200D5DF0E /* Release */,
			);
			defaultConfigurationIsVisible = 0;
			defaultConfigurationName = Release;
		};
		1EADE0942880480200D5DF0E /* Build configuration list for PBXNativeTarget "MoyaSampleUITests" */ = {
			isa = XCConfigurationList;
			buildConfigurations = (
				1EADE0952880480200D5DF0E /* Debug */,
				1EADE0962880480200D5DF0E /* Release */,
			);
			defaultConfigurationIsVisible = 0;
			defaultConfigurationName = Release;
		};
/* End XCConfigurationList section */
	};
	rootObject = 1EADE062288047FF00D5DF0E /* Project object */;
}
